
Microsoft Visual Studio Solution File, Format Version 12.00
# Visual Studio Version 16
VisualStudioVersion = 16.0.31911.196
MinimumVisualStudioVersion = 10.0.40219.1
Project("{FAE04EC0-301F-11D3-BF4B-00C04F79EFBC}") = "E Shop", "E Shop.csproj", "{2A410A53-FF83-43DA-A257-10638D018728}"
EndProject
Global
	GlobalSection(SolutionConfigurationPlatforms) = preSolution
		Debug|Any CPU = Debug|Any CPU
		Release|Any CPU = Release|Any CPU
	EndGlobalSection
	GlobalSection(ProjectConfigurationPlatforms) = postSolution
		{2A410A53-FF83-43DA-A257-10638D018728}.Debug|Any CPU.ActiveCfg = Debug|Any CPU
		{2A410A53-FF83-43DA-A257-10638D018728}.Debug|Any CPU.Build.0 = Debug|Any CPU
		{2A410A53-FF83-43DA-A257-10638D018728}.Release|Any CPU.ActiveCfg = Release|Any CPU
		{2A410A53-FF83-43DA-A257-10638D018728}.Release|Any CPU.Build.0 = Release|Any CPU
	EndGlobalSection
	GlobalSection(SolutionProperties) = preSolution
		HideSolutionNode = FALSE
	EndGlobalSection
	GlobalSection(ExtensibilityGlobals) = postSolution
		SolutionGuid = {11AE1AB9-F8ED-46D9-9972-A6F2DB15936C}
	EndGlobalSection
EndGlobal
